
Microsoft Visual Studio Solution File, Format Version 12.00
# Visual Studio Version 16
VisualStudioVersion = 16.0.33328.57
MinimumVisualStudioVersion = 10.0.40219.1
Project("{FAE04EC0-301F-11D3-BF4B-00C04F79EFBC}") = "WebAppTest2", "WebAppTest2\WebAppTest2.csproj", "{1DFBAD65-CEB1-49E3-A2F7-BDB2E13DFD11}"
EndProject
Global
	GlobalSection(SolutionConfigurationPlatforms) = preSolution
		Debug|Any CPU = Debug|Any CPU
		Release|Any CPU = Release|Any CPU
	EndGlobalSection
	GlobalSection(ProjectConfigurationPlatforms) = postSolution
		{1DFBAD65-CEB1-49E3-A2F7-BDB2E13DFD11}.Debug|Any CPU.ActiveCfg = Debug|Any CPU
		{1DFBAD65-CEB1-49E3-A2F7-BDB2E13DFD11}.Debug|Any CPU.Build.0 = Debug|Any CPU
		{1DFBAD65-CEB1-49E3-A2F7-BDB2E13DFD11}.Release|Any CPU.ActiveCfg = Release|Any CPU
		{1DFBAD65-CEB1-49E3-A2F7-BDB2E13DFD11}.Release|Any CPU.Build.0 = Release|Any CPU
	EndGlobalSection
	GlobalSection(SolutionProperties) = preSolution
		HideSolutionNode = FALSE
	EndGlobalSection
	GlobalSection(ExtensibilityGlobals) = postSolution
		SolutionGuid = {1C0A203B-DD20-4923-9B23-BFAFCCF3030A}
	EndGlobalSection
EndGlobal
